// !$*UTF8*$!
{
	archiveVersion = 1;
	classes = {
	};
	objectVersion = 56;
	objects = {

/* Begin PBXBuildFile section */
		8444C3562A4B9EAA0009BA1D /* LoginController.swift in Sources */ = {isa = PBXBuildFile; fileRef = 8444C3552A4B9EAA0009BA1D /* LoginController.swift */; };
		8444C35B2A4BC4580009BA1D /* movieCell.swift in Sources */ = {isa = PBXBuildFile; fileRef = 8444C3592A4BC4580009BA1D /* movieCell.swift */; };
		8444C35C2A4BC4580009BA1D /* movieCell.xib in Resources */ = {isa = PBXBuildFile; fileRef = 8444C35A2A4BC4580009BA1D /* movieCell.xib */; };
		8444C35E2A4BC6860009BA1D /* MoviesController.swift in Sources */ = {isa = PBXBuildFile; fileRef = 8444C35D2A4BC6860009BA1D /* MoviesController.swift */; };
		84586EAE2A55E9D500649B74 /* FavoritosDetalleViewModel.swift in Sources */ = {isa = PBXBuildFile; fileRef = 84586EAD2A55E9D500649B74 /* FavoritosDetalleViewModel.swift */; };
		84586EB02A55F42100649B74 /* AccountViewModel.swift in Sources */ = {isa = PBXBuildFile; fileRef = 84586EAF2A55F42100649B74 /* AccountViewModel.swift */; };
		84586EB22A55F46B00649B74 /* Account.swift in Sources */ = {isa = PBXBuildFile; fileRef = 84586EB12A55F46B00649B74 /* Account.swift */; };
		84586EB42A56295500649B74 /* SerieViewModel.swift in Sources */ = {isa = PBXBuildFile; fileRef = 84586EB32A56295500649B74 /* SerieViewModel.swift */; };
		8460C3DF2A54A54500D85DB6 /* Usuario.swift in Sources */ = {isa = PBXBuildFile; fileRef = 8460C3DE2A54A54500D85DB6 /* Usuario.swift */; };
		8460C3E12A54DAC700D85DB6 /* FavoritosViewModel.swift in Sources */ = {isa = PBXBuildFile; fileRef = 8460C3E02A54DAC700D85DB6 /* FavoritosViewModel.swift */; };
		8460C3E32A54DB4600D85DB6 /* Favoritos.swift in Sources */ = {isa = PBXBuildFile; fileRef = 8460C3E22A54DB4600D85DB6 /* Favoritos.swift */; };
		8460C3E92A54DE8700D85DB6 /* FavoritosModel.xcdatamodeld in Sources */ = {isa = PBXBuildFile; fileRef = 8460C3E72A54DE8700D85DB6 /* FavoritosModel.xcdatamodeld */; };
		84ADE8742A4B6210006105A1 /* AppDelegate.swift in Sources */ = {isa = PBXBuildFile; fileRef = 84ADE8732A4B6210006105A1 /* AppDelegate.swift */; };
		84ADE8762A4B6210006105A1 /* SceneDelegate.swift in Sources */ = {isa = PBXBuildFile; fileRef = 84ADE8752A4B6210006105A1 /* SceneDelegate.swift */; };
		84ADE87B2A4B6210006105A1 /* Main.storyboard in Resources */ = {isa = PBXBuildFile; fileRef = 84ADE8792A4B6210006105A1 /* Main.storyboard */; };
		84ADE87D2A4B6211006105A1 /* Assets.xcassets in Resources */ = {isa = PBXBuildFile; fileRef = 84ADE87C2A4B6211006105A1 /* Assets.xcassets */; };
		84ADE8802A4B6211006105A1 /* LaunchScreen.storyboard in Resources */ = {isa = PBXBuildFile; fileRef = 84ADE87E2A4B6211006105A1 /* LaunchScreen.storyboard */; };
		84ADE88C2A4B682C006105A1 /* MovieViewModel.swift in Sources */ = {isa = PBXBuildFile; fileRef = 84ADE88B2A4B682C006105A1 /* MovieViewModel.swift */; };
		84BB02102A54A13700FF3FCF /* LoginViewModel.swift in Sources */ = {isa = PBXBuildFile; fileRef = 84BB020F2A54A13700FF3FCF /* LoginViewModel.swift */; };
		84BB02122A54A19B00FF3FCF /* Session.swift in Sources */ = {isa = PBXBuildFile; fileRef = 84BB02112A54A19B00FF3FCF /* Session.swift */; };
		84C117F12A533D6F0057B762 /* Companies.swift in Sources */ = {isa = PBXBuildFile; fileRef = 84C117F02A533D6F0057B762 /* Companies.swift */; };
		84C117F42A5343740057B762 /* companieCell.swift in Sources */ = {isa = PBXBuildFile; fileRef = 84C117F22A5343740057B762 /* companieCell.swift */; };
		84C117F52A5343740057B762 /* companieCell.xib in Resources */ = {isa = PBXBuildFile; fileRef = 84C117F32A5343740057B762 /* companieCell.xib */; };
		84C117F72A536BE80057B762 /* Detail.swift in Sources */ = {isa = PBXBuildFile; fileRef = 84C117F62A536BE80057B762 /* Detail.swift */; };
		84D3D89F2A4D1A2300DECF95 /* Results.swift in Sources */ = {isa = PBXBuildFile; fileRef = 84D3D89E2A4D1A2300DECF95 /* Results.swift */; };
		84D3D8A12A4D1BAD00DECF95 /* Result.swift in Sources */ = {isa = PBXBuildFile; fileRef = 84D3D8A02A4D1BAD00DECF95 /* Result.swift */; };
		84D3D8A32A4D1BE000DECF95 /* Root.swift in Sources */ = {isa = PBXBuildFile; fileRef = 84D3D8A22A4D1BE000DECF95 /* Root.swift */; };
		84DDD0BF2A4E6C8C008F90BA /* Results1.swift in Sources */ = {isa = PBXBuildFile; fileRef = 84DDD0BE2A4E6C8C008F90BA /* Results1.swift */; };
		84E20DFB2A4F6FD1009B5210 /* PerfilController.swift in Sources */ = {isa = PBXBuildFile; fileRef = 84E20DFA2A4F6FD1009B5210 /* PerfilController.swift */; };
		84E20DFD2A4F9121009B5210 /* DetalleController.swift in Sources */ = {isa = PBXBuildFile; fileRef = 84E20DFC2A4F9121009B5210 /* DetalleController.swift */; };
/* End PBXBuildFile section */

/* Begin PBXFileReference section */
		8444C3552A4B9EAA0009BA1D /* LoginController.swift */ = {isa = PBXFileReference; lastKnownFileType = sourcecode.swift; path = LoginController.swift; sourceTree = "<group>"; };
		8444C3592A4BC4580009BA1D /* movieCell.swift */ = {isa = PBXFileReference; lastKnownFileType = sourcecode.swift; path = movieCell.swift; sourceTree = "<group>"; };
		8444C35A2A4BC4580009BA1D /* movieCell.xib */ = {isa = PBXFileReference; lastKnownFileType = file.xib; path = movieCell.xib; sourceTree = "<group>"; };
		8444C35D2A4BC6860009BA1D /* MoviesController.swift */ = {isa = PBXFileReference; lastKnownFileType = sourcecode.swift; path = MoviesController.swift; sourceTree = "<group>"; };
		84586EAD2A55E9D500649B74 /* FavoritosDetalleViewModel.swift */ = {isa = PBXFileReference; lastKnownFileType = sourcecode.swift; path = FavoritosDetalleViewModel.swift; sourceTree = "<group>"; };
		84586EAF2A55F42100649B74 /* AccountViewModel.swift */ = {isa = PBXFileReference; lastKnownFileType = sourcecode.swift; path = AccountViewModel.swift; sourceTree = "<group>"; };
		84586EB12A55F46B00649B74 /* Account.swift */ = {isa = PBXFileReference; lastKnownFileType = sourcecode.swift; path = Account.swift; sourceTree = "<group>"; };
		84586EB32A56295500649B74 /* SerieViewModel.swift */ = {isa = PBXFileReference; lastKnownFileType = sourcecode.swift; path = SerieViewModel.swift; sourceTree = "<group>"; };
		8460C3DE2A54A54500D85DB6 /* Usuario.swift */ = {isa = PBXFileReference; lastKnownFileType = sourcecode.swift; path = Usuario.swift; sourceTree = "<group>"; };
		8460C3E02A54DAC700D85DB6 /* FavoritosViewModel.swift */ = {isa = PBXFileReference; lastKnownFileType = sourcecode.swift; path = FavoritosViewModel.swift; sourceTree = "<group>"; };
		8460C3E22A54DB4600D85DB6 /* Favoritos.swift */ = {isa = PBXFileReference; lastKnownFileType = sourcecode.swift; path = Favoritos.swift; sourceTree = "<group>"; };
		8460C3E82A54DE8700D85DB6 /* FavoritosModel.xcdatamodel */ = {isa = PBXFileReference; lastKnownFileType = wrapper.xcdatamodel; path = FavoritosModel.xcdatamodel; sourceTree = "<group>"; };
		84ADE8702A4B6210006105A1 /* MovieApi.app */ = {isa = PBXFileReference; explicitFileType = wrapper.application; includeInIndex = 0; path = MovieApi.app; sourceTree = BUILT_PRODUCTS_DIR; };
		84ADE8732A4B6210006105A1 /* AppDelegate.swift */ = {isa = PBXFileReference; lastKnownFileType = sourcecode.swift; path = AppDelegate.swift; sourceTree = "<group>"; };
		84ADE8752A4B6210006105A1 /* SceneDelegate.swift */ = {isa = PBXFileReference; lastKnownFileType = sourcecode.swift; path = SceneDelegate.swift; sourceTree = "<group>"; };
		84ADE87A2A4B6210006105A1 /* Base */ = {isa = PBXFileReference; lastKnownFileType = file.storyboard; name = Base; path = Base.lproj/Main.storyboard; sourceTree = "<group>"; };
		84ADE87C2A4B6211006105A1 /* Assets.xcassets */ = {isa = PBXFileReference; lastKnownFileType = folder.assetcatalog; path = Assets.xcassets; sourceTree = "<group>"; };
		84ADE87F2A4B6211006105A1 /* Base */ = {isa = PBXFileReference; lastKnownFileType = file.storyboard; name = Base; path = Base.lproj/LaunchScreen.storyboard; sourceTree = "<group>"; };
		84ADE8812A4B6211006105A1 /* Info.plist */ = {isa = PBXFileReference; lastKnownFileType = text.plist.xml; path = Info.plist; sourceTree = "<group>"; };
		84ADE88B2A4B682C006105A1 /* MovieViewModel.swift */ = {isa = PBXFileReference; lastKnownFileType = sourcecode.swift; path = MovieViewModel.swift; sourceTree = "<group>"; };
		84BB020F2A54A13700FF3FCF /* LoginViewModel.swift */ = {isa = PBXFileReference; lastKnownFileType = sourcecode.swift; path = LoginViewModel.swift; sourceTree = "<group>"; };
		84BB02112A54A19B00FF3FCF /* Session.swift */ = {isa = PBXFileReference; lastKnownFileType = sourcecode.swift; path = Session.swift; sourceTree = "<group>"; };
		84C117F02A533D6F0057B762 /* Companies.swift */ = {isa = PBXFileReference; lastKnownFileType = sourcecode.swift; path = Companies.swift; sourceTree = "<group>"; };
		84C117F22A5343740057B762 /* companieCell.swift */ = {isa = PBXFileReference; lastKnownFileType = sourcecode.swift; path = companieCell.swift; sourceTree = "<group>"; };
		84C117F32A5343740057B762 /* companieCell.xib */ = {isa = PBXFileReference; lastKnownFileType = file.xib; path = companieCell.xib; sourceTree = "<group>"; };
		84C117F62A536BE80057B762 /* Detail.swift */ = {isa = PBXFileReference; lastKnownFileType = sourcecode.swift; path = Detail.swift; sourceTree = "<group>"; };
		84D3D89E2A4D1A2300DECF95 /* Results.swift */ = {isa = PBXFileReference; lastKnownFileType = sourcecode.swift; path = Results.swift; sourceTree = "<group>"; };
		84D3D8A02A4D1BAD00DECF95 /* Result.swift */ = {isa = PBXFileReference; lastKnownFileType = sourcecode.swift; path = Result.swift; sourceTree = "<group>"; };
		84D3D8A22A4D1BE000DECF95 /* Root.swift */ = {isa = PBXFileReference; lastKnownFileType = sourcecode.swift; path = Root.swift; sourceTree = "<group>"; };
		84DDD0BE2A4E6C8C008F90BA /* Results1.swift */ = {isa = PBXFileReference; lastKnownFileType = sourcecode.swift; path = Results1.swift; sourceTree = "<group>"; };
		84E20DFA2A4F6FD1009B5210 /* PerfilController.swift */ = {isa = PBXFileReference; lastKnownFileType = sourcecode.swift; path = PerfilController.swift; sourceTree = "<group>"; };
		84E20DFC2A4F9121009B5210 /* DetalleController.swift */ = {isa = PBXFileReference; lastKnownFileType = sourcecode.swift; path = DetalleController.swift; sourceTree = "<group>"; };
/* End PBXFileReference section */

/* Begin PBXFrameworksBuildPhase section */
		84ADE86D2A4B6210006105A1 /* Frameworks */ = {
			isa = PBXFrameworksBuildPhase;
			buildActionMask = 2147483647;
			files = (
			);
			runOnlyForDeploymentPostprocessing = 0;
		};
/* End PBXFrameworksBuildPhase section */

/* Begin PBXGroup section */
		8444C3582A4BC4370009BA1D /* Cell */ = {
			isa = PBXGroup;
			children = (
				8444C3592A4BC4580009BA1D /* movieCell.swift */,
				8444C35A2A4BC4580009BA1D /* movieCell.xib */,
				84C117F22A5343740057B762 /* companieCell.swift */,
				84C117F32A5343740057B762 /* companieCell.xib */,
			);
			path = Cell;
			sourceTree = "<group>";
		};
		84ADE8672A4B6210006105A1 = {
			isa = PBXGroup;
			children = (
				84ADE8722A4B6210006105A1 /* MovieApi */,
				84ADE8712A4B6210006105A1 /* Products */,
			);
			sourceTree = "<group>";
		};
		84ADE8712A4B6210006105A1 /* Products */ = {
			isa = PBXGroup;
			children = (
				84ADE8702A4B6210006105A1 /* MovieApi.app */,
			);
			name = Products;
			sourceTree = "<group>";
		};
		84ADE8722A4B6210006105A1 /* MovieApi */ = {
			isa = PBXGroup;
			children = (
				84ADE88A2A4B66EB006105A1 /* Controller */,
				84ADE8882A4B66D8006105A1 /* Model */,
				84ADE8872A4B66CD006105A1 /* View */,
				84ADE8732A4B6210006105A1 /* AppDelegate.swift */,
				84ADE8752A4B6210006105A1 /* SceneDelegate.swift */,
				84ADE87C2A4B6211006105A1 /* Assets.xcassets */,
				84ADE87E2A4B6211006105A1 /* LaunchScreen.storyboard */,
				84ADE8812A4B6211006105A1 /* Info.plist */,
				8460C3E72A54DE8700D85DB6 /* FavoritosModel.xcdatamodeld */,
			);
			path = MovieApi;
			sourceTree = "<group>";
		};
		84ADE8872A4B66CD006105A1 /* View */ = {
			isa = PBXGroup;
			children = (
				8444C3582A4BC4370009BA1D /* Cell */,
				84ADE8792A4B6210006105A1 /* Main.storyboard */,
			);
			path = View;
			sourceTree = "<group>";
		};
		84ADE8882A4B66D8006105A1 /* Model */ = {
			isa = PBXGroup;
			children = (
				84D3D89E2A4D1A2300DECF95 /* Results.swift */,
				84D3D8A02A4D1BAD00DECF95 /* Result.swift */,
				84D3D8A22A4D1BE000DECF95 /* Root.swift */,
				84DDD0BE2A4E6C8C008F90BA /* Results1.swift */,
				84C117F02A533D6F0057B762 /* Companies.swift */,
				84C117F62A536BE80057B762 /* Detail.swift */,
				84BB02112A54A19B00FF3FCF /* Session.swift */,
				8460C3DE2A54A54500D85DB6 /* Usuario.swift */,
				8460C3E22A54DB4600D85DB6 /* Favoritos.swift */,
				84586EB12A55F46B00649B74 /* Account.swift */,
			);
			path = Model;
			sourceTree = "<group>";
		};
		84ADE8892A4B66E1006105A1 /* VIewModel */ = {
			isa = PBXGroup;
			children = (
				84ADE88B2A4B682C006105A1 /* MovieViewModel.swift */,
				84BB020F2A54A13700FF3FCF /* LoginViewModel.swift */,
				8460C3E02A54DAC700D85DB6 /* FavoritosViewModel.swift */,
				84586EAD2A55E9D500649B74 /* FavoritosDetalleViewModel.swift */,
				84586EAF2A55F42100649B74 /* AccountViewModel.swift */,
				84586EB32A56295500649B74 /* SerieViewModel.swift */,
			);
			path = VIewModel;
			sourceTree = "<group>";
		};
		84ADE88A2A4B66EB006105A1 /* Controller */ = {
			isa = PBXGroup;
			children = (
				8444C3552A4B9EAA0009BA1D /* LoginController.swift */,
				8444C35D2A4BC6860009BA1D /* MoviesController.swift */,
				84E20DFA2A4F6FD1009B5210 /* PerfilController.swift */,
				84E20DFC2A4F9121009B5210 /* DetalleController.swift */,
				84ADE8892A4B66E1006105A1 /* VIewModel */,
			);
			path = Controller;
			sourceTree = "<group>";
		};
/* End PBXGroup section */

/* Begin PBXNativeTarget section */
		84ADE86F2A4B6210006105A1 /* MovieApi */ = {
			isa = PBXNativeTarget;
			buildConfigurationList = 84ADE8842A4B6211006105A1 /* Build configuration list for PBXNativeTarget "MovieApi" */;
			buildPhases = (
				84ADE86C2A4B6210006105A1 /* Sources */,
				84ADE86D2A4B6210006105A1 /* Frameworks */,
				84ADE86E2A4B6210006105A1 /* Resources */,
			);
			buildRules = (
			);
			dependencies = (
			);
			name = MovieApi;
			productName = MovieApi;
			productReference = 84ADE8702A4B6210006105A1 /* MovieApi.app */;
			productType = "com.apple.product-type.application";
		};
/* End PBXNativeTarget section */

/* Begin PBXProject section */
		84ADE8682A4B6210006105A1 /* Project object */ = {
			isa = PBXProject;
			attributes = {
				BuildIndependentTargetsInParallel = 1;
				LastSwiftUpdateCheck = 1420;
				LastUpgradeCheck = 1420;
				TargetAttributes = {
					84ADE86F2A4B6210006105A1 = {
						CreatedOnToolsVersion = 14.2;
					};
				};
			};
			buildConfigurationList = 84ADE86B2A4B6210006105A1 /* Build configuration list for PBXProject "MovieApi" */;
			compatibilityVersion = "Xcode 14.0";
			developmentRegion = en;
			hasScannedForEncodings = 0;
			knownRegions = (
				en,
				Base,
			);
			mainGroup = 84ADE8672A4B6210006105A1;
			productRefGroup = 84ADE8712A4B6210006105A1 /* Products */;
			projectDirPath = "";
			projectRoot = "";
			targets = (
				84ADE86F2A4B6210006105A1 /* MovieApi */,
			);
		};
/* End PBXProject section */

/* Begin PBXResourcesBuildPhase section */
		84ADE86E2A4B6210006105A1 /* Resources */ = {
			isa = PBXResourcesBuildPhase;
			buildActionMask = 2147483647;
			files = (
				84ADE8802A4B6211006105A1 /* LaunchScreen.storyboard in Resources */,
				84ADE87D2A4B6211006105A1 /* Assets.xcassets in Resources */,
				8444C35C2A4BC4580009BA1D /* movieCell.xib in Resources */,
				84C117F52A5343740057B762 /* companieCell.xib in Resources */,
				84ADE87B2A4B6210006105A1 /* Main.storyboard in Resources */,
			);
			runOnlyForDeploymentPostprocessing = 0;
		};
/* End PBXResourcesBuildPhase section */

/* Begin PBXSourcesBuildPhase section */
		84ADE86C2A4B6210006105A1 /* Sources */ = {
			isa = PBXSourcesBuildPhase;
			buildActionMask = 2147483647;
			files = (
				84C117F12A533D6F0057B762 /* Companies.swift in Sources */,
				84BB02122A54A19B00FF3FCF /* Session.swift in Sources */,
				84586EAE2A55E9D500649B74 /* FavoritosDetalleViewModel.swift in Sources */,
				8460C3E12A54DAC700D85DB6 /* FavoritosViewModel.swift in Sources */,
				8460C3E32A54DB4600D85DB6 /* Favoritos.swift in Sources */,
				84586EB22A55F46B00649B74 /* Account.swift in Sources */,
				84DDD0BF2A4E6C8C008F90BA /* Results1.swift in Sources */,
				84E20DFD2A4F9121009B5210 /* DetalleController.swift in Sources */,
				84C117F42A5343740057B762 /* companieCell.swift in Sources */,
				84BB02102A54A13700FF3FCF /* LoginViewModel.swift in Sources */,
				8460C3E92A54DE8700D85DB6 /* FavoritosModel.xcdatamodeld in Sources */,
				84ADE8742A4B6210006105A1 /* AppDelegate.swift in Sources */,
				84586EB02A55F42100649B74 /* AccountViewModel.swift in Sources */,
				84ADE8762A4B6210006105A1 /* SceneDelegate.swift in Sources */,
				8444C35E2A4BC6860009BA1D /* MoviesController.swift in Sources */,
				84D3D89F2A4D1A2300DECF95 /* Results.swift in Sources */,
				8444C35B2A4BC4580009BA1D /* movieCell.swift in Sources */,
				84E20DFB2A4F6FD1009B5210 /* PerfilController.swift in Sources */,
				84D3D8A32A4D1BE000DECF95 /* Root.swift in Sources */,
				84C117F72A536BE80057B762 /* Detail.swift in Sources */,
				8460C3DF2A54A54500D85DB6 /* Usuario.swift in Sources */,
				84ADE88C2A4B682C006105A1 /* MovieViewModel.swift in Sources */,
				84586EB42A56295500649B74 /* SerieViewModel.swift in Sources */,
				84D3D8A12A4D1BAD00DECF95 /* Result.swift in Sources */,
				8444C3562A4B9EAA0009BA1D /* LoginController.swift in Sources */,
			);
			runOnlyForDeploymentPostprocessing = 0;
		};
/* End PBXSourcesBuildPhase section */

/* Begin PBXVariantGroup section */
		84ADE8792A4B6210006105A1 /* Main.storyboard */ = {
			isa = PBXVariantGroup;
			children = (
				84ADE87A2A4B6210006105A1 /* Base */,
			);
			name = Main.storyboard;
			sourceTree = "<group>";
		};
		84ADE87E2A4B6211006105A1 /* LaunchScreen.storyboard */ = {
			isa = PBXVariantGroup;
			children = (
				84ADE87F2A4B6211006105A1 /* Base */,
			);
			name = LaunchScreen.storyboard;
			sourceTree = "<group>";
		};
/* End PBXVariantGroup section */

/* Begin XCBuildConfiguration section */
		84ADE8822A4B6211006105A1 /* Debug */ = {
			isa = XCBuildConfiguration;
			buildSettings = {
				ALWAYS_SEARCH_USER_PATHS = NO;
				CLANG_ANALYZER_NONNULL = YES;
				CLANG_ANALYZER_NUMBER_OBJECT_CONVERSION = YES_AGGRESSIVE;
				CLANG_CXX_LANGUAGE_STANDARD = "gnu++20";
				CLANG_ENABLE_MODULES = YES;
				CLANG_ENABLE_OBJC_ARC = YES;
				CLANG_ENABLE_OBJC_WEAK = YES;
				CLANG_WARN_BLOCK_CAPTURE_AUTORELEASING = YES;
				CLANG_WARN_BOOL_CONVERSION = YES;
				CLANG_WARN_COMMA = YES;
				CLANG_WARN_CONSTANT_CONVERSION = YES;
				CLANG_WARN_DEPRECATED_OBJC_IMPLEMENTATIONS = YES;
				CLANG_WARN_DIRECT_OBJC_ISA_USAGE = YES_ERROR;
				CLANG_WARN_DOCUMENTATION_COMMENTS = YES;
				CLANG_WARN_EMPTY_BODY = YES;
				CLANG_WARN_ENUM_CONVERSION = YES;
				CLANG_WARN_INFINITE_RECURSION = YES;
				CLANG_WARN_INT_CONVERSION = YES;
				CLANG_WARN_NON_LITERAL_NULL_CONVERSION = YES;
				CLANG_WARN_OBJC_IMPLICIT_RETAIN_SELF = YES;
				CLANG_WARN_OBJC_LITERAL_CONVERSION = YES;
				CLANG_WARN_OBJC_ROOT_CLASS = YES_ERROR;
				CLANG_WARN_QUOTED_INCLUDE_IN_FRAMEWORK_HEADER = YES;
				CLANG_WARN_RANGE_LOOP_ANALYSIS = YES;
				CLANG_WARN_STRICT_PROTOTYPES = YES;
				CLANG_WARN_SUSPICIOUS_MOVE = YES;
				CLANG_WARN_UNGUARDED_AVAILABILITY = YES_AGGRESSIVE;
				CLANG_WARN_UNREACHABLE_CODE = YES;
				CLANG_WARN__DUPLICATE_METHOD_MATCH = YES;
				COPY_PHASE_STRIP = NO;
				DEBUG_INFORMATION_FORMAT = dwarf;
				ENABLE_STRICT_OBJC_MSGSEND = YES;
				ENABLE_TESTABILITY = YES;
				GCC_C_LANGUAGE_STANDARD = gnu11;
				GCC_DYNAMIC_NO_PIC = NO;
				GCC_NO_COMMON_BLOCKS = YES;
				GCC_OPTIMIZATION_LEVEL = 0;
				GCC_PREPROCESSOR_DEFINITIONS = (
					"DEBUG=1",
					"$(inherited)",
				);
				GCC_WARN_64_TO_32_BIT_CONVERSION = YES;
				GCC_WARN_ABOUT_RETURN_TYPE = YES_ERROR;
				GCC_WARN_UNDECLARED_SELECTOR = YES;
				GCC_WARN_UNINITIALIZED_AUTOS = YES_AGGRESSIVE;
				GCC_WARN_UNUSED_FUNCTION = YES;
				GCC_WARN_UNUSED_VARIABLE = YES;
				IPHONEOS_DEPLOYMENT_TARGET = 16.2;
				MTL_ENABLE_DEBUG_INFO = INCLUDE_SOURCE;
				MTL_FAST_MATH = YES;
				ONLY_ACTIVE_ARCH = YES;
				SDKROOT = iphoneos;
				SWIFT_ACTIVE_COMPILATION_CONDITIONS = DEBUG;
				SWIFT_OPTIMIZATION_LEVEL = "-Onone";
			};
			name = Debug;
		};
		84ADE8832A4B6211006105A1 /* Release */ = {
			isa = XCBuildConfiguration;
			buildSettings = {
				ALWAYS_SEARCH_USER_PATHS = NO;
				CLANG_ANALYZER_NONNULL = YES;
				CLANG_ANALYZER_NUMBER_OBJECT_CONVERSION = YES_AGGRESSIVE;
				CLANG_CXX_LANGUAGE_STANDARD = "gnu++20";
				CLANG_ENABLE_MODULES = YES;
				CLANG_ENABLE_OBJC_ARC = YES;
				CLANG_ENABLE_OBJC_WEAK = YES;
				CLANG_WARN_BLOCK_CAPTURE_AUTORELEASING = YES;
				CLANG_WARN_BOOL_CONVERSION = YES;
				CLANG_WARN_COMMA = YES;
				CLANG_WARN_CONSTANT_CONVERSION = YES;
				CLANG_WARN_DEPRECATED_OBJC_IMPLEMENTATIONS = YES;
				CLANG_WARN_DIRECT_OBJC_ISA_USAGE = YES_ERROR;
				CLANG_WARN_DOCUMENTATION_COMMENTS = YES;
				CLANG_WARN_EMPTY_BODY = YES;
				CLANG_WARN_ENUM_CONVERSION = YES;
				CLANG_WARN_INFINITE_RECURSION = YES;
				CLANG_WARN_INT_CONVERSION = YES;
				CLANG_WARN_NON_LITERAL_NULL_CONVERSION = YES;
				CLANG_WARN_OBJC_IMPLICIT_RETAIN_SELF = YES;
				CLANG_WARN_OBJC_LITERAL_CONVERSION = YES;
				CLANG_WARN_OBJC_ROOT_CLASS = YES_ERROR;
				CLANG_WARN_QUOTED_INCLUDE_IN_FRAMEWORK_HEADER = YES;
				CLANG_WARN_RANGE_LOOP_ANALYSIS = YES;
				CLANG_WARN_STRICT_PROTOTYPES = YES;
				CLANG_WARN_SUSPICIOUS_MOVE = YES;
				CLANG_WARN_UNGUARDED_AVAILABILITY = YES_AGGRESSIVE;
				CLANG_WARN_UNREACHABLE_CODE = YES;
				CLANG_WARN__DUPLICATE_METHOD_MATCH = YES;
				COPY_PHASE_STRIP = NO;
				DEBUG_INFORMATION_FORMAT = "dwarf-with-dsym";
				ENABLE_NS_ASSERTIONS = NO;
				ENABLE_STRICT_OBJC_MSGSEND = YES;
				GCC_C_LANGUAGE_STANDARD = gnu11;
				GCC_NO_COMMON_BLOCKS = YES;
				GCC_WARN_64_TO_32_BIT_CONVERSION = YES;
				GCC_WARN_ABOUT_RETURN_TYPE = YES_ERROR;
				GCC_WARN_UNDECLARED_SELECTOR = YES;
				GCC_WARN_UNINITIALIZED_AUTOS = YES_AGGRESSIVE;
				GCC_WARN_UNUSED_FUNCTION = YES;
				GCC_WARN_UNUSED_VARIABLE = YES;
				IPHONEOS_DEPLOYMENT_TARGET = 16.2;
				MTL_ENABLE_DEBUG_INFO = NO;
				MTL_FAST_MATH = YES;
				SDKROOT = iphoneos;
				SWIFT_COMPILATION_MODE = wholemodule;
				SWIFT_OPTIMIZATION_LEVEL = "-O";
				VALIDATE_PRODUCT = YES;
			};
			name = Release;
		};
		84ADE8852A4B6211006105A1 /* Debug */ = {
			isa = XCBuildConfiguration;
			buildSettings = {
				ASSETCATALOG_COMPILER_APPICON_NAME = AppIcon;
				ASSETCATALOG_COMPILER_GLOBAL_ACCENT_COLOR_NAME = AccentColor;
				CODE_SIGN_STYLE = Automatic;
				CURRENT_PROJECT_VERSION = 1;
				GENERATE_INFOPLIST_FILE = YES;
				INFOPLIST_FILE = MovieApi/Info.plist;
				INFOPLIST_KEY_UIApplicationSupportsIndirectInputEvents = YES;
				INFOPLIST_KEY_UILaunchStoryboardName = LaunchScreen;
				INFOPLIST_KEY_UIMainStoryboardFile = Main;
				INFOPLIST_KEY_UISupportedInterfaceOrientations_iPad = "UIInterfaceOrientationPortrait UIInterfaceOrientationPortraitUpsideDown UIInterfaceOrientationLandscapeLeft UIInterfaceOrientationLandscapeRight";
				INFOPLIST_KEY_UISupportedInterfaceOrientations_iPhone = "UIInterfaceOrientationPortrait UIInterfaceOrientationLandscapeLeft UIInterfaceOrientationLandscapeRight";
				LD_RUNPATH_SEARCH_PATHS = (
					"$(inherited)",
					"@executable_path/Frameworks",
				);
				MARKETING_VERSION = 1.0;
				PRODUCT_BUNDLE_IDENTIFIER = com.digis.MovieApi;
				PRODUCT_NAME = "$(TARGET_NAME)";
				SWIFT_EMIT_LOC_STRINGS = YES;
				SWIFT_VERSION = 5.0;
				TARGETED_DEVICE_FAMILY = "1,2";
			};
			name = Debug;
		};
		84ADE8862A4B6211006105A1 /* Release */ = {
			isa = XCBuildConfiguration;
			buildSettings = {
				ASSETCATALOG_COMPILER_APPICON_NAME = AppIcon;
				ASSETCATALOG_COMPILER_GLOBAL_ACCENT_COLOR_NAME = AccentColor;
				CODE_SIGN_STYLE = Automatic;
				CURRENT_PROJECT_VERSION = 1;
				GENERATE_INFOPLIST_FILE = YES;
				INFOPLIST_FILE = MovieApi/Info.plist;
				INFOPLIST_KEY_UIApplicationSupportsIndirectInputEvents = YES;
				INFOPLIST_KEY_UILaunchStoryboardName = LaunchScreen;
				INFOPLIST_KEY_UIMainStoryboardFile = Main;
				INFOPLIST_KEY_UISupportedInterfaceOrientations_iPad = "UIInterfaceOrientationPortrait UIInterfaceOrientationPortraitUpsideDown UIInterfaceOrientationLandscapeLeft UIInterfaceOrientationLandscapeRight";
				INFOPLIST_KEY_UISupportedInterfaceOrientations_iPhone = "UIInterfaceOrientationPortrait UIInterfaceOrientationLandscapeLeft UIInterfaceOrientationLandscapeRight";
				LD_RUNPATH_SEARCH_PATHS = (
					"$(inherited)",
					"@executable_path/Frameworks",
				);
				MARKETING_VERSION = 1.0;
				PRODUCT_BUNDLE_IDENTIFIER = com.digis.MovieApi;
				PRODUCT_NAME = "$(TARGET_NAME)";
				SWIFT_EMIT_LOC_STRINGS = YES;
				SWIFT_VERSION = 5.0;
				TARGETED_DEVICE_FAMILY = "1,2";
			};
			name = Release;
		};
/* End XCBuildConfiguration section */

/* Begin XCConfigurationList section */
		84ADE86B2A4B6210006105A1 /* Build configuration list for PBXProject "MovieApi" */ = {
			isa = XCConfigurationList;
			buildConfigurations = (
				84ADE8822A4B6211006105A1 /* Debug */,
				84ADE8832A4B6211006105A1 /* Release */,
			);
			defaultConfigurationIsVisible = 0;
			defaultConfigurationName = Release;
		};
		84ADE8842A4B6211006105A1 /* Build configuration list for PBXNativeTarget "MovieApi" */ = {
			isa = XCConfigurationList;
			buildConfigurations = (
				84ADE8852A4B6211006105A1 /* Debug */,
				84ADE8862A4B6211006105A1 /* Release */,
			);
			defaultConfigurationIsVisible = 0;
			defaultConfigurationName = Release;
		};
/* End XCConfigurationList section */

/* Begin XCVersionGroup section */
		8460C3E72A54DE8700D85DB6 /* FavoritosModel.xcdatamodeld */ = {
			isa = XCVersionGroup;
			children = (
				8460C3E82A54DE8700D85DB6 /* FavoritosModel.xcdatamodel */,
			);
			currentVersion = 8460C3E82A54DE8700D85DB6 /* FavoritosModel.xcdatamodel */;
			path = FavoritosModel.xcdatamodeld;
			sourceTree = "<group>";
			versionGroupType = wrapper.xcdatamodel;
		};
/* End XCVersionGroup section */
	};
	rootObject = 84ADE8682A4B6210006105A1 /* Project object */;
}
